
Microsoft Visual Studio Solution File, Format Version 12.00
# Visual Studio Version 17
VisualStudioVersion = 17.8.34330.188
MinimumVisualStudioVersion = 10.0.40219.1
Project("{FAE04EC0-301F-11D3-BF4B-00C04F79EFBC}") = "NumberOfCombinations", "Test\NumberOfCombinations.csproj", "{BD96EB31-625E-4745-ACCA-30EC7D661946}"
EndProject
Global
	GlobalSection(SolutionConfigurationPlatforms) = preSolution
		Debug|Any CPU = Debug|Any CPU
		Release|Any CPU = Release|Any CPU
	EndGlobalSection
	GlobalSection(ProjectConfigurationPlatforms) = postSolution
		{BD96EB31-625E-4745-ACCA-30EC7D661946}.Debug|Any CPU.ActiveCfg = Debug|Any CPU
		{BD96EB31-625E-4745-ACCA-30EC7D661946}.Debug|Any CPU.Build.0 = Debug|Any CPU
		{BD96EB31-625E-4745-ACCA-30EC7D661946}.Release|Any CPU.ActiveCfg = Release|Any CPU
		{BD96EB31-625E-4745-ACCA-30EC7D661946}.Release|Any CPU.Build.0 = Release|Any CPU
	EndGlobalSection
	GlobalSection(SolutionProperties) = preSolution
		HideSolutionNode = FALSE
	EndGlobalSection
	GlobalSection(ExtensibilityGlobals) = postSolution
		SolutionGuid = {3D576909-1654-4916-871F-3B893C1FC5A6}
	EndGlobalSection
EndGlobal
