
Microsoft Visual Studio Solution File, Format Version 12.00
# Visual Studio Version 17
VisualStudioVersion = 17.8.34330.188
MinimumVisualStudioVersion = 10.0.40219.1
Project("{FAE04EC0-301F-11D3-BF4B-00C04F79EFBC}") = "TestProject1", "TestProject1\TestProject1.csproj", "{E0C0C081-6545-4DDA-AC1E-DABE4ECB4E2D}"
EndProject
Global
	GlobalSection(SolutionConfigurationPlatforms) = preSolution
		Debug|Any CPU = Debug|Any CPU
		Release|Any CPU = Release|Any CPU
	EndGlobalSection
	GlobalSection(ProjectConfigurationPlatforms) = postSolution
		{E0C0C081-6545-4DDA-AC1E-DABE4ECB4E2D}.Debug|Any CPU.ActiveCfg = Debug|Any CPU
		{E0C0C081-6545-4DDA-AC1E-DABE4ECB4E2D}.Debug|Any CPU.Build.0 = Debug|Any CPU
		{E0C0C081-6545-4DDA-AC1E-DABE4ECB4E2D}.Release|Any CPU.ActiveCfg = Release|Any CPU
		{E0C0C081-6545-4DDA-AC1E-DABE4ECB4E2D}.Release|Any CPU.Build.0 = Release|Any CPU
	EndGlobalSection
	GlobalSection(SolutionProperties) = preSolution
		HideSolutionNode = FALSE
	EndGlobalSection
	GlobalSection(ExtensibilityGlobals) = postSolution
		SolutionGuid = {5E4BC041-783C-4E17-8D33-90BF007AAB7C}
	EndGlobalSection
EndGlobal
